PODS:
  - DKImagePickerController/Core (4.3.4):
    - DKImagePickerController/ImageDataManager
    - DKImagePickerController/Resource
  - DKImagePickerController/ImageDataManager (4.3.4)
  - DKImagePickerController/PhotoGallery (4.3.4):
    - DKImagePickerController/Core
    - DKPhotoGallery
  - DKImagePickerController/Resource (4.3.4)
  - DKPhotoGallery (0.0.17):
    - DKPhotoGallery/Core (= 0.0.17)
    - DKPhotoGallery/Model (= 0.0.17)
    - DKPhotoGallery/Preview (= 0.0.17)
    - DKPhotoGallery/Resource (= 0.0.17)
    - SDWebImage
    - SwiftyGif
  - DKPhotoGallery/Core (0.0.17):
    - DKPhotoGallery/Model
    - DKPhotoGallery/Preview
    - SDWebImage
    - SwiftyGif
  - DKPhotoGallery/Model (0.0.17):
    - SDWebImage
    - SwiftyGif
  - DKPhotoGallery/Preview (0.0.17):
    - DKPhotoGallery/Model
    - DKPhotoGallery/Resource
    - SDWebImage
    - SwiftyGif
  - DKPhotoGallery/Resource (0.0.17):
    - SDWebImage
    - SwiftyGif
  - file_picker (0.0.1):
    - DKImagePickerController/PhotoGallery
    - Flutter
  - Flutter (1.0.0)
  - media_kit_libs_ios_video (1.0.4):
    - Flutter
  - media_kit_video (0.0.1):
    - Flutter
  - package_info_plus (0.4.5):
    - Flutter
  - path_provider_foundation (0.0.1):
    - Flutter
    - FlutterMacOS
  - screen_brightness_ios (0.1.0):
    - Flutter
  - SDWebImage (5.15.5):
    - SDWebImage/Core (= 5.15.5)
  - SDWebImage/Core (5.15.5)
  - SwiftyGif (5.4.4)
  - volume_controller (0.0.1):
    - Flutter
  - wakelock_plus (0.0.1):
    - Flutter

DEPENDENCIES:
  - file_picker (from `.symlinks/plugins/file_picker/ios`)
  - Flutter (from `Flutter`)
  - media_kit_libs_ios_video (from `.symlinks/plugins/media_kit_libs_ios_video/ios`)
  - media_kit_video (from `.symlinks/plugins/media_kit_video/ios`)
  - package_info_plus (from `.symlinks/plugins/package_info_plus/ios`)
  - path_provider_foundation (from `.symlinks/plugins/path_provider_foundation/darwin`)
  - screen_brightness_ios (from `.symlinks/plugins/screen_brightness_ios/ios`)
  - volume_controller (from `.symlinks/plugins/volume_controller/ios`)
  - wakelock_plus (from `.symlinks/plugins/wakelock_plus/ios`)

SPEC REPOS:
  trunk:
    - DKImagePickerController
    - DKPhotoGallery
    - SDWebImage
    - SwiftyGif

EXTERNAL SOURCES:
  file_picker:
    :path: ".symlinks/plugins/file_picker/ios"
  Flutter:
    :path: Flutter
  media_kit_libs_ios_video:
    :path: ".symlinks/plugins/media_kit_libs_ios_video/ios"
  media_kit_video:
    :path: ".symlinks/plugins/media_kit_video/ios"
  package_info_plus:
    :path: ".symlinks/plugins/package_info_plus/ios"
  path_provider_foundation:
    :path: ".symlinks/plugins/path_provider_foundation/darwin"
  screen_brightness_ios:
    :path: ".symlinks/plugins/screen_brightness_ios/ios"
  volume_controller:
    :path: ".symlinks/plugins/volume_controller/ios"
  wakelock_plus:
    :path: ".symlinks/plugins/wakelock_plus/ios"

SPEC CHECKSUMS:
  DKImagePickerController: b512c28220a2b8ac7419f21c491fc8534b7601ac
  DKPhotoGallery: fdfad5125a9fdda9cc57df834d49df790dbb4179
  file_picker: ce3938a0df3cc1ef404671531facef740d03f920
  Flutter: f04841e97a9d0b0a8025694d0796dd46242b2854
  media_kit_libs_ios_video: bcbf9a53dd3b60c0fcf92b0903e4706391ad0b65
  media_kit_video: 6c61501e3ab980488d80df6d705905d14b150b63
  package_info_plus: fd030dabf36271f146f1f3beacd48f564b0f17f7
  path_provider_foundation: 29f094ae23ebbca9d3d0cec13889cd9060c0e943
  screen_brightness_ios: 715ca807df953bf676d339f11464e438143ee625
  SDWebImage: fd7e1a22f00303e058058278639bf6196ee431fe
  SwiftyGif: 93a1cc87bf3a51916001cf8f3d63835fb64c819f
  volume_controller: 531ddf792994285c9b17f9d8a7e4dcdd29b3eae9
  wakelock_plus: 8b09852c8876491e4b6d179e17dfe2a0b5f60d47

PODFILE CHECKSUM: 0dbd5a87e0ace00c9610d2037ac22083a01f861d

COCOAPODS: 1.12.1
