PODS:
  - FlutterMacOS (1.0.0)
  - media_kit_libs_macos (1.0.0):
    - FlutterMacOS
  - media_kit_video (0.0.1):
    - FlutterMacOS

DEPENDENCIES:
  - FlutterMacOS (from `Flutter/ephemeral`)
  - media_kit_libs_macos (from `Flutter/ephemeral/.symlinks/plugins/media_kit_libs_macos/macos`)
  - media_kit_video (from `Flutter/ephemeral/.symlinks/plugins/media_kit_video/macos`)

EXTERNAL SOURCES:
  FlutterMacOS:
    :path: Flutter/ephemeral
  media_kit_libs_macos:
    :path: Flutter/ephemeral/.symlinks/plugins/media_kit_libs_macos/macos
  media_kit_video:
    :path: Flutter/ephemeral/.symlinks/plugins/media_kit_video/macos

SPEC CHECKSUMS:
  FlutterMacOS: 8f6f14fa908a6fb3fba0cd85dbd81ec4b251fb24
  media_kit_libs_macos: a590dadfe1cac4ebb2b6a85b4d23c1a66982ab70
  media_kit_video: 11531883e47e53db1bc28e1d8e3f9fc93c13627f

PODFILE CHECKSUM: 353c8bcc5d5b0994e508d035b5431cfe18c1dea7

COCOAPODS: 1.11.3
